
Microsoft Visual Studio Solution File, Format Version 12.00
# Visual Studio Version 17
VisualStudioVersion = 17.13.35931.197 d17.13
MinimumVisualStudioVersion = 10.0.40219.1
Project("{FAE04EC0-301F-11D3-BF4B-00C04F79EFBC}") = "SistemaAlarmaIncendios", "SistemaAlarmaIncendios\SistemaAlarmaIncendios.csproj", "{854142A4-9CB1-4BE0-97F2-0D11C25828F2}"
EndProject
Project("{FAE04EC0-301F-11D3-BF4B-00C04F79EFBC}") = "FireAlarmCore", "FireAlarmCore\FireAlarmCore.csproj", "{B9787F22-4341-4010-8024-4B38748E39BB}"
EndProject
Global
	GlobalSection(SolutionConfigurationPlatforms) = preSolution
		Debug|Any CPU = Debug|Any CPU
		Release|Any CPU = Release|Any CPU
	EndGlobalSection
	GlobalSection(ProjectConfigurationPlatforms) = postSolution
		{854142A4-9CB1-4BE0-97F2-0D11C25828F2}.Debug|Any CPU.ActiveCfg = Debug|Any CPU
		{854142A4-9CB1-4BE0-97F2-0D11C25828F2}.Debug|Any CPU.Build.0 = Debug|Any CPU
		{854142A4-9CB1-4BE0-97F2-0D11C25828F2}.Release|Any CPU.ActiveCfg = Release|Any CPU
		{854142A4-9CB1-4BE0-97F2-0D11C25828F2}.Release|Any CPU.Build.0 = Release|Any CPU
		{B9787F22-4341-4010-8024-4B38748E39BB}.Debug|Any CPU.ActiveCfg = Debug|Any CPU
		{B9787F22-4341-4010-8024-4B38748E39BB}.Debug|Any CPU.Build.0 = Debug|Any CPU
		{B9787F22-4341-4010-8024-4B38748E39BB}.Release|Any CPU.ActiveCfg = Release|Any CPU
		{B9787F22-4341-4010-8024-4B38748E39BB}.Release|Any CPU.Build.0 = Release|Any CPU
	EndGlobalSection
	GlobalSection(SolutionProperties) = preSolution
		HideSolutionNode = FALSE
	EndGlobalSection
	GlobalSection(ExtensibilityGlobals) = postSolution
		SolutionGuid = {C386B72C-894B-4208-940E-1CCB754818CA}
	EndGlobalSection
EndGlobal
